// !$*UTF8*$!
{
	archiveVersion = 1;
	classes = {
	};
	objectVersion = 60;
	objects = {

/* Begin PBXBuildFile section */
		F442FCD82BC4A79B0024EE2D /* Main.swift in Sources */ = {isa = PBXBuildFile; fileRef = F442FCD72BC4A79B0024EE2D /* Main.swift */; };
		F442FCDA2BC4A79B0024EE2D /* ContentView.swift in Sources */ = {isa = PBXBuildFile; fileRef = F442FCD92BC4A79B0024EE2D /* ContentView.swift */; };
		F442FCDC2BC4A79D0024EE2D /* Assets.xcassets in Resources */ = {isa = PBXBuildFile; fileRef = F442FCDB2BC4A79D0024EE2D /* Assets.xcassets */; };
		F442FCE02BC4A79D0024EE2D /* Preview Assets.xcassets in Resources */ = {isa = PBXBuildFile; fileRef = F442FCDF2BC4A79D0024EE2D /* Preview Assets.xcassets */; };
		F442FCE92BC4ACC80024EE2D /* SwiftyUtils in Frameworks */ = {isa = PBXBuildFile; productRef = F442FCE82BC4ACC80024EE2D /* SwiftyUtils */; };
		F442FCEC2BC4ACDA0024EE2D /* SwiftyDebug in Frameworks */ = {isa = PBXBuildFile; productRef = F442FCEB2BC4ACDA0024EE2D /* SwiftyDebug */; };
		F442FCEF2BC4ACE80024EE2D /* SwiftyParsec in Frameworks */ = {isa = PBXBuildFile; productRef = F442FCEE2BC4ACE80024EE2D /* SwiftyParsec */; };
		F442FCF22BC4ACF60024EE2D /* SwiftyMarkdown in Frameworks */ = {isa = PBXBuildFile; productRef = F442FCF12BC4ACF60024EE2D /* SwiftyMarkdown */; };
/* End PBXBuildFile section */

/* Begin PBXFileReference section */
		F442FCD42BC4A79B0024EE2D /* MarkdownPreview.app */ = {isa = PBXFileReference; explicitFileType = wrapper.application; includeInIndex = 0; path = MarkdownPreview.app; sourceTree = BUILT_PRODUCTS_DIR; };
		F442FCD72BC4A79B0024EE2D /* Main.swift */ = {isa = PBXFileReference; lastKnownFileType = sourcecode.swift; path = Main.swift; sourceTree = "<group>"; };
		F442FCD92BC4A79B0024EE2D /* ContentView.swift */ = {isa = PBXFileReference; lastKnownFileType = sourcecode.swift; path = ContentView.swift; sourceTree = "<group>"; };
		F442FCDB2BC4A79D0024EE2D /* Assets.xcassets */ = {isa = PBXFileReference; lastKnownFileType = folder.assetcatalog; path = Assets.xcassets; sourceTree = "<group>"; };
		F442FCDD2BC4A79D0024EE2D /* MarkdownPreview.entitlements */ = {isa = PBXFileReference; lastKnownFileType = text.plist.entitlements; path = MarkdownPreview.entitlements; sourceTree = "<group>"; };
		F442FCDF2BC4A79D0024EE2D /* Preview Assets.xcassets */ = {isa = PBXFileReference; lastKnownFileType = folder.assetcatalog; path = "Preview Assets.xcassets"; sourceTree = "<group>"; };
/* End PBXFileReference section */

/* Begin PBXFrameworksBuildPhase section */
		F442FCD12BC4A79B0024EE2D /* Frameworks */ = {
			isa = PBXFrameworksBuildPhase;
			buildActionMask = 2147483647;
			files = (
				F442FCEC2BC4ACDA0024EE2D /* SwiftyDebug in Frameworks */,
				F442FCEF2BC4ACE80024EE2D /* SwiftyParsec in Frameworks */,
				F442FCE92BC4ACC80024EE2D /* SwiftyUtils in Frameworks */,
				F442FCF22BC4ACF60024EE2D /* SwiftyMarkdown in Frameworks */,
			);
			runOnlyForDeploymentPostprocessing = 0;
		};
/* End PBXFrameworksBuildPhase section */

/* Begin PBXGroup section */
		F442FCCB2BC4A79B0024EE2D = {
			isa = PBXGroup;
			children = (
				F442FCE62BC4A7A50024EE2D /* Source */,
				F442FCD62BC4A79B0024EE2D /* MarkdownPreview */,
				F442FCD52BC4A79B0024EE2D /* Products */,
			);
			sourceTree = "<group>";
		};
		F442FCD52BC4A79B0024EE2D /* Products */ = {
			isa = PBXGroup;
			children = (
				F442FCD42BC4A79B0024EE2D /* MarkdownPreview.app */,
			);
			name = Products;
			sourceTree = "<group>";
		};
		F442FCD62BC4A79B0024EE2D /* MarkdownPreview */ = {
			isa = PBXGroup;
			children = (
				F442FCD92BC4A79B0024EE2D /* ContentView.swift */,
				F442FCDB2BC4A79D0024EE2D /* Assets.xcassets */,
				F442FCDD2BC4A79D0024EE2D /* MarkdownPreview.entitlements */,
				F442FCDE2BC4A79D0024EE2D /* Preview Content */,
			);
			path = MarkdownPreview;
			sourceTree = "<group>";
		};
		F442FCDE2BC4A79D0024EE2D /* Preview Content */ = {
			isa = PBXGroup;
			children = (
				F442FCDF2BC4A79D0024EE2D /* Preview Assets.xcassets */,
			);
			path = "Preview Content";
			sourceTree = "<group>";
		};
		F442FCE62BC4A7A50024EE2D /* Source */ = {
			isa = PBXGroup;
			children = (
				F442FCD72BC4A79B0024EE2D /* Main.swift */,
			);
			path = Source;
			sourceTree = "<group>";
		};
/* End PBXGroup section */

/* Begin PBXNativeTarget section */
		F442FCD32BC4A79B0024EE2D /* MarkdownPreview */ = {
			isa = PBXNativeTarget;
			buildConfigurationList = F442FCE32BC4A79D0024EE2D /* Build configuration list for PBXNativeTarget "MarkdownPreview" */;
			buildPhases = (
				F442FCD02BC4A79B0024EE2D /* Sources */,
				F442FCD12BC4A79B0024EE2D /* Frameworks */,
				F442FCD22BC4A79B0024EE2D /* Resources */,
			);
			buildRules = (
			);
			dependencies = (
			);
			name = MarkdownPreview;
			packageProductDependencies = (
				F442FCE82BC4ACC80024EE2D /* SwiftyUtils */,
				F442FCEB2BC4ACDA0024EE2D /* SwiftyDebug */,
				F442FCEE2BC4ACE80024EE2D /* SwiftyParsec */,
				F442FCF12BC4ACF60024EE2D /* SwiftyMarkdown */,
			);
			productName = MarkdownPreview;
			productReference = F442FCD42BC4A79B0024EE2D /* MarkdownPreview.app */;
			productType = "com.apple.product-type.application";
		};
/* End PBXNativeTarget section */

/* Begin PBXProject section */
		F442FCCC2BC4A79B0024EE2D /* Project object */ = {
			isa = PBXProject;
			attributes = {
				BuildIndependentTargetsInParallel = 1;
				LastSwiftUpdateCheck = 1520;
				LastUpgradeCheck = 1520;
				TargetAttributes = {
					F442FCD32BC4A79B0024EE2D = {
						CreatedOnToolsVersion = 15.2;
					};
				};
			};
			buildConfigurationList = F442FCCF2BC4A79B0024EE2D /* Build configuration list for PBXProject "MarkdownPreview" */;
			compatibilityVersion = "Xcode 14.0";
			developmentRegion = en;
			hasScannedForEncodings = 0;
			knownRegions = (
				en,
				Base,
			);
			mainGroup = F442FCCB2BC4A79B0024EE2D;
			packageReferences = (
				F442FCE72BC4ACC80024EE2D /* XCLocalSwiftPackageReference "../SwiftyUtils" */,
				F442FCEA2BC4ACDA0024EE2D /* XCLocalSwiftPackageReference "../SwiftyDebug" */,
				F442FCED2BC4ACE80024EE2D /* XCLocalSwiftPackageReference "../SwiftyParsec" */,
				F442FCF02BC4ACF60024EE2D /* XCLocalSwiftPackageReference "../SwiftyMarkdown" */,
			);
			productRefGroup = F442FCD52BC4A79B0024EE2D /* Products */;
			projectDirPath = "";
			projectRoot = "";
			targets = (
				F442FCD32BC4A79B0024EE2D /* MarkdownPreview */,
			);
		};
/* End PBXProject section */

/* Begin PBXResourcesBuildPhase section */
		F442FCD22BC4A79B0024EE2D /* Resources */ = {
			isa = PBXResourcesBuildPhase;
			buildActionMask = 2147483647;
			files = (
				F442FCE02BC4A79D0024EE2D /* Preview Assets.xcassets in Resources */,
				F442FCDC2BC4A79D0024EE2D /* Assets.xcassets in Resources */,
			);
			runOnlyForDeploymentPostprocessing = 0;
		};
/* End PBXResourcesBuildPhase section */

/* Begin PBXSourcesBuildPhase section */
		F442FCD02BC4A79B0024EE2D /* Sources */ = {
			isa = PBXSourcesBuildPhase;
			buildActionMask = 2147483647;
			files = (
				F442FCDA2BC4A79B0024EE2D /* ContentView.swift in Sources */,
				F442FCD82BC4A79B0024EE2D /* Main.swift in Sources */,
			);
			runOnlyForDeploymentPostprocessing = 0;
		};
/* End PBXSourcesBuildPhase section */

/* Begin XCBuildConfiguration section */
		F442FCE12BC4A79D0024EE2D /* Debug */ = {
			isa = XCBuildConfiguration;
			buildSettings = {
				ALWAYS_SEARCH_USER_PATHS = NO;
				ASSETCATALOG_COMPILER_GENERATE_SWIFT_ASSET_SYMBOL_EXTENSIONS = YES;
				CLANG_ANALYZER_NONNULL = YES;
				CLANG_ANALYZER_NUMBER_OBJECT_CONVERSION = YES_AGGRESSIVE;
				CLANG_CXX_LANGUAGE_STANDARD = "gnu++20";
				CLANG_ENABLE_MODULES = YES;
				CLANG_ENABLE_OBJC_ARC = YES;
				CLANG_ENABLE_OBJC_WEAK = YES;
				CLANG_WARN_BLOCK_CAPTURE_AUTORELEASING = YES;
				CLANG_WARN_BOOL_CONVERSION = YES;
				CLANG_WARN_COMMA = YES;
				CLANG_WARN_CONSTANT_CONVERSION = YES;
				CLANG_WARN_DEPRECATED_OBJC_IMPLEMENTATIONS = YES;
				CLANG_WARN_DIRECT_OBJC_ISA_USAGE = YES_ERROR;
				CLANG_WARN_DOCUMENTATION_COMMENTS = YES;
				CLANG_WARN_EMPTY_BODY = YES;
				CLANG_WARN_ENUM_CONVERSION = YES;
				CLANG_WARN_INFINITE_RECURSION = YES;
				CLANG_WARN_INT_CONVERSION = YES;
				CLANG_WARN_NON_LITERAL_NULL_CONVERSION = YES;
				CLANG_WARN_OBJC_IMPLICIT_RETAIN_SELF = YES;
				CLANG_WARN_OBJC_LITERAL_CONVERSION = YES;
				CLANG_WARN_OBJC_ROOT_CLASS = YES_ERROR;
				CLANG_WARN_QUOTED_INCLUDE_IN_FRAMEWORK_HEADER = YES;
				CLANG_WARN_RANGE_LOOP_ANALYSIS = YES;
				CLANG_WARN_STRICT_PROTOTYPES = YES;
				CLANG_WARN_SUSPICIOUS_MOVE = YES;
				CLANG_WARN_UNGUARDED_AVAILABILITY = YES_AGGRESSIVE;
				CLANG_WARN_UNREACHABLE_CODE = YES;
				CLANG_WARN__DUPLICATE_METHOD_MATCH = YES;
				COPY_PHASE_STRIP = NO;
				DEBUG_INFORMATION_FORMAT = dwarf;
				ENABLE_STRICT_OBJC_MSGSEND = YES;
				ENABLE_TESTABILITY = YES;
				ENABLE_USER_SCRIPT_SANDBOXING = YES;
				GCC_C_LANGUAGE_STANDARD = gnu17;
				GCC_DYNAMIC_NO_PIC = NO;
				GCC_NO_COMMON_BLOCKS = YES;
				GCC_OPTIMIZATION_LEVEL = 0;
				GCC_PREPROCESSOR_DEFINITIONS = (
					"DEBUG=1",
					"$(inherited)",
				);
				GCC_WARN_64_TO_32_BIT_CONVERSION = YES;
				GCC_WARN_ABOUT_RETURN_TYPE = YES_ERROR;
				GCC_WARN_UNDECLARED_SELECTOR = YES;
				GCC_WARN_UNINITIALIZED_AUTOS = YES_AGGRESSIVE;
				GCC_WARN_UNUSED_FUNCTION = YES;
				GCC_WARN_UNUSED_VARIABLE = YES;
				LOCALIZATION_PREFERS_STRING_CATALOGS = YES;
				MTL_ENABLE_DEBUG_INFO = INCLUDE_SOURCE;
				MTL_FAST_MATH = YES;
				ONLY_ACTIVE_ARCH = YES;
				SWIFT_ACTIVE_COMPILATION_CONDITIONS = "DEBUG $(inherited)";
				SWIFT_OPTIMIZATION_LEVEL = "-Onone";
			};
			name = Debug;
		};
		F442FCE22BC4A79D0024EE2D /* Release */ = {
			isa = XCBuildConfiguration;
			buildSettings = {
				ALWAYS_SEARCH_USER_PATHS = NO;
				ASSETCATALOG_COMPILER_GENERATE_SWIFT_ASSET_SYMBOL_EXTENSIONS = YES;
				CLANG_ANALYZER_NONNULL = YES;
				CLANG_ANALYZER_NUMBER_OBJECT_CONVERSION = YES_AGGRESSIVE;
				CLANG_CXX_LANGUAGE_STANDARD = "gnu++20";
				CLANG_ENABLE_MODULES = YES;
				CLANG_ENABLE_OBJC_ARC = YES;
				CLANG_ENABLE_OBJC_WEAK = YES;
				CLANG_WARN_BLOCK_CAPTURE_AUTORELEASING = YES;
				CLANG_WARN_BOOL_CONVERSION = YES;
				CLANG_WARN_COMMA = YES;
				CLANG_WARN_CONSTANT_CONVERSION = YES;
				CLANG_WARN_DEPRECATED_OBJC_IMPLEMENTATIONS = YES;
				CLANG_WARN_DIRECT_OBJC_ISA_USAGE = YES_ERROR;
				CLANG_WARN_DOCUMENTATION_COMMENTS = YES;
				CLANG_WARN_EMPTY_BODY = YES;
				CLANG_WARN_ENUM_CONVERSION = YES;
				CLANG_WARN_INFINITE_RECURSION = YES;
				CLANG_WARN_INT_CONVERSION = YES;
				CLANG_WARN_NON_LITERAL_NULL_CONVERSION = YES;
				CLANG_WARN_OBJC_IMPLICIT_RETAIN_SELF = YES;
				CLANG_WARN_OBJC_LITERAL_CONVERSION = YES;
				CLANG_WARN_OBJC_ROOT_CLASS = YES_ERROR;
				CLANG_WARN_QUOTED_INCLUDE_IN_FRAMEWORK_HEADER = YES;
				CLANG_WARN_RANGE_LOOP_ANALYSIS = YES;
				CLANG_WARN_STRICT_PROTOTYPES = YES;
				CLANG_WARN_SUSPICIOUS_MOVE = YES;
				CLANG_WARN_UNGUARDED_AVAILABILITY = YES_AGGRESSIVE;
				CLANG_WARN_UNREACHABLE_CODE = YES;
				CLANG_WARN__DUPLICATE_METHOD_MATCH = YES;
				COPY_PHASE_STRIP = NO;
				DEBUG_INFORMATION_FORMAT = "dwarf-with-dsym";
				ENABLE_NS_ASSERTIONS = NO;
				ENABLE_STRICT_OBJC_MSGSEND = YES;
				ENABLE_USER_SCRIPT_SANDBOXING = YES;
				GCC_C_LANGUAGE_STANDARD = gnu17;
				GCC_NO_COMMON_BLOCKS = YES;
				GCC_WARN_64_TO_32_BIT_CONVERSION = YES;
				GCC_WARN_ABOUT_RETURN_TYPE = YES_ERROR;
				GCC_WARN_UNDECLARED_SELECTOR = YES;
				GCC_WARN_UNINITIALIZED_AUTOS = YES_AGGRESSIVE;
				GCC_WARN_UNUSED_FUNCTION = YES;
				GCC_WARN_UNUSED_VARIABLE = YES;
				LOCALIZATION_PREFERS_STRING_CATALOGS = YES;
				MTL_ENABLE_DEBUG_INFO = NO;
				MTL_FAST_MATH = YES;
				SWIFT_COMPILATION_MODE = wholemodule;
			};
			name = Release;
		};
		F442FCE42BC4A79D0024EE2D /* Debug */ = {
			isa = XCBuildConfiguration;
			buildSettings = {
				ASSETCATALOG_COMPILER_APPICON_NAME = AppIcon;
				ASSETCATALOG_COMPILER_GLOBAL_ACCENT_COLOR_NAME = AccentColor;
				CODE_SIGN_ENTITLEMENTS = MarkdownPreview/MarkdownPreview.entitlements;
				CODE_SIGN_STYLE = Automatic;
				CURRENT_PROJECT_VERSION = 1;
				DEVELOPMENT_ASSET_PATHS = "\"MarkdownPreview/Preview Content\"";
				DEVELOPMENT_TEAM = CV5FXG5P92;
				ENABLE_HARDENED_RUNTIME = YES;
				ENABLE_PREVIEWS = YES;
				GENERATE_INFOPLIST_FILE = YES;
				"INFOPLIST_KEY_UIApplicationSceneManifest_Generation[sdk=iphoneos*]" = YES;
				"INFOPLIST_KEY_UIApplicationSceneManifest_Generation[sdk=iphonesimulator*]" = YES;
				"INFOPLIST_KEY_UIApplicationSupportsIndirectInputEvents[sdk=iphoneos*]" = YES;
				"INFOPLIST_KEY_UIApplicationSupportsIndirectInputEvents[sdk=iphonesimulator*]" = YES;
				"INFOPLIST_KEY_UILaunchScreen_Generation[sdk=iphoneos*]" = YES;
				"INFOPLIST_KEY_UILaunchScreen_Generation[sdk=iphonesimulator*]" = YES;
				"INFOPLIST_KEY_UIStatusBarStyle[sdk=iphoneos*]" = UIStatusBarStyleDefault;
				"INFOPLIST_KEY_UIStatusBarStyle[sdk=iphonesimulator*]" = UIStatusBarStyleDefault;
				INFOPLIST_KEY_UISupportedInterfaceOrientations_iPad = "UIInterfaceOrientationPortrait UIInterfaceOrientationPortraitUpsideDown UIInterfaceOrientationLandscapeLeft UIInterfaceOrientationLandscapeRight";
				INFOPLIST_KEY_UISupportedInterfaceOrientations_iPhone = "UIInterfaceOrientationPortrait UIInterfaceOrientationLandscapeLeft UIInterfaceOrientationLandscapeRight";
				IPHONEOS_DEPLOYMENT_TARGET = 17.2;
				LD_RUNPATH_SEARCH_PATHS = "@executable_path/Frameworks";
				"LD_RUNPATH_SEARCH_PATHS[sdk=macosx*]" = "@executable_path/../Frameworks";
				MACOSX_DEPLOYMENT_TARGET = 14.2;
				MARKETING_VERSION = 1.0;
				PRODUCT_BUNDLE_IDENTIFIER = com.colbyn.MarkdownPreview;
				PRODUCT_NAME = "$(TARGET_NAME)";
				SDKROOT = auto;
				SUPPORTED_PLATFORMS = "iphoneos iphonesimulator";
				SUPPORTS_MACCATALYST = YES;
				SWIFT_EMIT_LOC_STRINGS = YES;
				SWIFT_VERSION = 5.0;
				TARGETED_DEVICE_FAMILY = "1,2";
			};
			name = Debug;
		};
		F442FCE52BC4A79D0024EE2D /* Release */ = {
			isa = XCBuildConfiguration;
			buildSettings = {
				ASSETCATALOG_COMPILER_APPICON_NAME = AppIcon;
				ASSETCATALOG_COMPILER_GLOBAL_ACCENT_COLOR_NAME = AccentColor;
				CODE_SIGN_ENTITLEMENTS = MarkdownPreview/MarkdownPreview.entitlements;
				CODE_SIGN_STYLE = Automatic;
				CURRENT_PROJECT_VERSION = 1;
				DEVELOPMENT_ASSET_PATHS = "\"MarkdownPreview/Preview Content\"";
				DEVELOPMENT_TEAM = CV5FXG5P92;
				ENABLE_HARDENED_RUNTIME = YES;
				ENABLE_PREVIEWS = YES;
				GENERATE_INFOPLIST_FILE = YES;
				"INFOPLIST_KEY_UIApplicationSceneManifest_Generation[sdk=iphoneos*]" = YES;
				"INFOPLIST_KEY_UIApplicationSceneManifest_Generation[sdk=iphonesimulator*]" = YES;
				"INFOPLIST_KEY_UIApplicationSupportsIndirectInputEvents[sdk=iphoneos*]" = YES;
				"INFOPLIST_KEY_UIApplicationSupportsIndirectInputEvents[sdk=iphonesimulator*]" = YES;
				"INFOPLIST_KEY_UILaunchScreen_Generation[sdk=iphoneos*]" = YES;
				"INFOPLIST_KEY_UILaunchScreen_Generation[sdk=iphonesimulator*]" = YES;
				"INFOPLIST_KEY_UIStatusBarStyle[sdk=iphoneos*]" = UIStatusBarStyleDefault;
				"INFOPLIST_KEY_UIStatusBarStyle[sdk=iphonesimulator*]" = UIStatusBarStyleDefault;
				INFOPLIST_KEY_UISupportedInterfaceOrientations_iPad = "UIInterfaceOrientationPortrait UIInterfaceOrientationPortraitUpsideDown UIInterfaceOrientationLandscapeLeft UIInterfaceOrientationLandscapeRight";
				INFOPLIST_KEY_UISupportedInterfaceOrientations_iPhone = "UIInterfaceOrientationPortrait UIInterfaceOrientationLandscapeLeft UIInterfaceOrientationLandscapeRight";
				IPHONEOS_DEPLOYMENT_TARGET = 17.2;
				LD_RUNPATH_SEARCH_PATHS = "@executable_path/Frameworks";
				"LD_RUNPATH_SEARCH_PATHS[sdk=macosx*]" = "@executable_path/../Frameworks";
				MACOSX_DEPLOYMENT_TARGET = 14.2;
				MARKETING_VERSION = 1.0;
				PRODUCT_BUNDLE_IDENTIFIER = com.colbyn.MarkdownPreview;
				PRODUCT_NAME = "$(TARGET_NAME)";
				SDKROOT = auto;
				SUPPORTED_PLATFORMS = "iphoneos iphonesimulator";
				SUPPORTS_MACCATALYST = YES;
				SWIFT_EMIT_LOC_STRINGS = YES;
				SWIFT_VERSION = 5.0;
				TARGETED_DEVICE_FAMILY = "1,2";
			};
			name = Release;
		};
/* End XCBuildConfiguration section */

/* Begin XCConfigurationList section */
		F442FCCF2BC4A79B0024EE2D /* Build configuration list for PBXProject "MarkdownPreview" */ = {
			isa = XCConfigurationList;
			buildConfigurations = (
				F442FCE12BC4A79D0024EE2D /* Debug */,
				F442FCE22BC4A79D0024EE2D /* Release */,
			);
			defaultConfigurationIsVisible = 0;
			defaultConfigurationName = Release;
		};
		F442FCE32BC4A79D0024EE2D /* Build configuration list for PBXNativeTarget "MarkdownPreview" */ = {
			isa = XCConfigurationList;
			buildConfigurations = (
				F442FCE42BC4A79D0024EE2D /* Debug */,
				F442FCE52BC4A79D0024EE2D /* Release */,
			);
			defaultConfigurationIsVisible = 0;
			defaultConfigurationName = Release;
		};
/* End XCConfigurationList section */

/* Begin XCLocalSwiftPackageReference section */
		F442FCE72BC4ACC80024EE2D /* XCLocalSwiftPackageReference "../SwiftyUtils" */ = {
			isa = XCLocalSwiftPackageReference;
			relativePath = ../SwiftyUtils;
		};
		F442FCEA2BC4ACDA0024EE2D /* XCLocalSwiftPackageReference "../SwiftyDebug" */ = {
			isa = XCLocalSwiftPackageReference;
			relativePath = ../SwiftyDebug;
		};
		F442FCED2BC4ACE80024EE2D /* XCLocalSwiftPackageReference "../SwiftyParsec" */ = {
			isa = XCLocalSwiftPackageReference;
			relativePath = ../SwiftyParsec;
		};
		F442FCF02BC4ACF60024EE2D /* XCLocalSwiftPackageReference "../SwiftyMarkdown" */ = {
			isa = XCLocalSwiftPackageReference;
			relativePath = ../SwiftyMarkdown;
		};
/* End XCLocalSwiftPackageReference section */

/* Begin XCSwiftPackageProductDependency section */
		F442FCE82BC4ACC80024EE2D /* SwiftyUtils */ = {
			isa = XCSwiftPackageProductDependency;
			productName = SwiftyUtils;
		};
		F442FCEB2BC4ACDA0024EE2D /* SwiftyDebug */ = {
			isa = XCSwiftPackageProductDependency;
			productName = SwiftyDebug;
		};
		F442FCEE2BC4ACE80024EE2D /* SwiftyParsec */ = {
			isa = XCSwiftPackageProductDependency;
			productName = SwiftyParsec;
		};
		F442FCF12BC4ACF60024EE2D /* SwiftyMarkdown */ = {
			isa = XCSwiftPackageProductDependency;
			productName = SwiftyMarkdown;
		};
/* End XCSwiftPackageProductDependency section */
	};
	rootObject = F442FCCC2BC4A79B0024EE2D /* Project object */;
}
